// !$*UTF8*$!
{
	archiveVersion = 1;
	classes = {
	};
	objectVersion = 46;
	objects = {

/* Begin PBXBuildFile section */
		ECE5ABE31BE6A5C90013B6CA /* AppDelegate.swift in Sources */ = {isa = PBXBuildFile; fileRef = ECE5ABE21BE6A5C90013B6CA /* AppDelegate.swift */; };
		ECE5ABE51BE6A5CA0013B6CA /* ViewController.swift in Sources */ = {isa = PBXBuildFile; fileRef = ECE5ABE41BE6A5C90013B6CA /* ViewController.swift */; };
		ECE5ABE81BE6A5CA0013B6CA /* Main.storyboard in Resources */ = {isa = PBXBuildFile; fileRef = ECE5ABE61BE6A5CA0013B6CA /* Main.storyboard */; };
		ECE5ABEA1BE6A5CA0013B6CA /* Assets.xcassets in Resources */ = {isa = PBXBuildFile; fileRef = ECE5ABE91BE6A5CA0013B6CA /* Assets.xcassets */; };
		ECE5ABED1BE6A5CA0013B6CA /* LaunchScreen.storyboard in Resources */ = {isa = PBXBuildFile; fileRef = ECE5ABEB1BE6A5CA0013B6CA /* LaunchScreen.storyboard */; };
/* End PBXBuildFile section */

/* Begin PBXFileReference section */
		ECE5ABDF1BE6A5C90013B6CA /* TipCalculator.app */ = {isa = PBXFileReference; explicitFileType = wrapper.application; includeInIndex = 0; path = TipCalculator.app; sourceTree = BUILT_PRODUCTS_DIR; };
		ECE5ABE21BE6A5C90013B6CA /* AppDelegate.swift */ = {isa = PBXFileReference; lastKnownFileType = sourcecode.swift; path = AppDelegate.swift; sourceTree = "<group>"; };
		ECE5ABE41BE6A5C90013B6CA /* ViewController.swift */ = {isa = PBXFileReference; lastKnownFileType = sourcecode.swift; path = ViewController.swift; sourceTree = "<group>"; };
		ECE5ABE71BE6A5CA0013B6CA /* Base */ = {isa = PBXFileReference; lastKnownFileType = file.storyboard; name = Base; path = Base.lproj/Main.storyboard; sourceTree = "<group>"; };
		ECE5ABE91BE6A5CA0013B6CA /* Assets.xcassets */ = {isa = PBXFileReference; lastKnownFileType = folder.assetcatalog; path = Assets.xcassets; sourceTree = "<group>"; };
		ECE5ABEC1BE6A5CA0013B6CA /* Base */ = {isa = PBXFileReference; lastKnownFileType = file.storyboard; name = Base; path = Base.lproj/LaunchScreen.storyboard; sourceTree = "<group>"; };
		ECE5ABEE1BE6A5CA0013B6CA /* Info.plist */ = {isa = PBXFileReference; lastKnownFileType = text.plist.xml; path = Info.plist; sourceTree = "<group>"; };
/* End PBXFileReference section */

/* Begin PBXFrameworksBuildPhase section */
		ECE5ABDC1BE6A5C90013B6CA /* Frameworks */ = {
			isa = PBXFrameworksBuildPhase;
			buildActionMask = 2147483647;
			files = (
			);
			runOnlyForDeploymentPostprocessing = 0;
		};
/* End PBXFrameworksBuildPhase section */

/* Begin PBXGroup section */
		ECE5ABD61BE6A5C90013B6CA = {
			isa = PBXGroup;
			children = (
				ECE5ABE11BE6A5C90013B6CA /* TipCalculator */,
				ECE5ABE01BE6A5C90013B6CA /* Products */,
			);
			sourceTree = "<group>";
		};
		ECE5ABE01BE6A5C90013B6CA /* Products */ = {
			isa = PBXGroup;
			children = (
				ECE5ABDF1BE6A5C90013B6CA /* TipCalculator.app */,
			);
			name = Products;
			sourceTree = "<group>";
		};
		ECE5ABE11BE6A5C90013B6CA /* TipCalculator */ = {
			isa = PBXGroup;
			children = (
				ECE5ABE21BE6A5C90013B6CA /* AppDelegate.swift */,
				ECE5ABE41BE6A5C90013B6CA /* ViewController.swift */,
				ECE5ABE61BE6A5CA0013B6CA /* Main.storyboard */,
				ECE5ABE91BE6A5CA0013B6CA /* Assets.xcassets */,
				ECE5ABEB1BE6A5CA0013B6CA /* LaunchScreen.storyboard */,
				ECE5ABEE1BE6A5CA0013B6CA /* Info.plist */,
			);
			path = TipCalculator;
			sourceTree = "<group>";
		};
/* End PBXGroup section */

/* Begin PBXNativeTarget section */
		ECE5ABDE1BE6A5C90013B6CA /* TipCalculator */ = {
			isa = PBXNativeTarget;
			buildConfigurationList = ECE5ABF11BE6A5CA0013B6CA /* Build configuration list for PBXNativeTarget "TipCalculator" */;
			buildPhases = (
				ECE5ABDB1BE6A5C90013B6CA /* Sources */,
				ECE5ABDC1BE6A5C90013B6CA /* Frameworks */,
				ECE5ABDD1BE6A5C90013B6CA /* Resources */,
			);
			buildRules = (
			);
			dependencies = (
			);
			name = TipCalculator;
			productName = TipCalculator;
			productReference = ECE5ABDF1BE6A5C90013B6CA /* TipCalculator.app */;
			productType = "com.apple.product-type.application";
		};
/* End PBXNativeTarget section */

/* Begin PBXProject section */
		ECE5ABD71BE6A5C90013B6CA /* Project object */ = {
			isa = PBXProject;
			attributes = {
				LastSwiftUpdateCheck = 0710;
				LastUpgradeCheck = 0710;
				ORGANIZATIONNAME = "steve lewins";
				TargetAttributes = {
					ECE5ABDE1BE6A5C90013B6CA = {
						CreatedOnToolsVersion = 7.1;
						DevelopmentTeam = BR4AEWE92V;
					};
				};
			};
			buildConfigurationList = ECE5ABDA1BE6A5C90013B6CA /* Build configuration list for PBXProject "TipCalculator" */;
			compatibilityVersion = "Xcode 3.2";
			developmentRegion = English;
			hasScannedForEncodings = 0;
			knownRegions = (
				en,
				Base,
			);
			mainGroup = ECE5ABD61BE6A5C90013B6CA;
			productRefGroup = ECE5ABE01BE6A5C90013B6CA /* Products */;
			projectDirPath = "";
			projectRoot = "";
			targets = (
				ECE5ABDE1BE6A5C90013B6CA /* TipCalculator */,
			);
		};
/* End PBXProject section */

/* Begin PBXResourcesBuildPhase section */
		ECE5ABDD1BE6A5C90013B6CA /* Resources */ = {
			isa = PBXResourcesBuildPhase;
			buildActionMask = 2147483647;
			files = (
				ECE5ABED1BE6A5CA0013B6CA /* LaunchScreen.storyboard in Resources */,
				ECE5ABEA1BE6A5CA0013B6CA /* Assets.xcassets in Resources */,
				ECE5ABE81BE6A5CA0013B6CA /* Main.storyboard in Resources */,
			);
			runOnlyForDeploymentPostprocessing = 0;
		};
/* End PBXResourcesBuildPhase section */

/* Begin PBXSourcesBuildPhase section */
		ECE5ABDB1BE6A5C90013B6CA /* Sources */ = {
			isa = PBXSourcesBuildPhase;
			buildActionMask = 2147483647;
			files = (
				ECE5ABE51BE6A5CA0013B6CA /* ViewController.swift in Sources */,
				ECE5ABE31BE6A5C90013B6CA /* AppDelegate.swift in Sources */,
			);
			runOnlyForDeploymentPostprocessing = 0;
		};
/* End PBXSourcesBuildPhase section */

/* Begin PBXVariantGroup section */
		ECE5ABE61BE6A5CA0013B6CA /* Main.storyboard */ = {
			isa = PBXVariantGroup;
			children = (
				ECE5ABE71BE6A5CA0013B6CA /* Base */,
			);
			name = Main.storyboard;
			sourceTree = "<group>";
		};
		ECE5ABEB1BE6A5CA0013B6CA /* LaunchScreen.storyboard */ = {
			isa = PBXVariantGroup;
			children = (
				ECE5ABEC1BE6A5CA0013B6CA /* Base */,
			);
			name = LaunchScreen.storyboard;
			sourceTree = "<group>";
		};
/* End PBXVariantGroup section */

/* Begin XCBuildConfiguration section */
		ECE5ABEF1BE6A5CA0013B6CA /* Debug */ = {
			isa = XCBuildConfiguration;
			buildSettings = {
				ALWAYS_SEARCH_USER_PATHS = NO;
				CLANG_CXX_LANGUAGE_STANDARD = "gnu++0x";
				CLANG_CXX_LIBRARY = "libc++";
				CLANG_ENABLE_MODULES = YES;
				CLANG_ENABLE_OBJC_ARC = YES;
				CLANG_WARN_BOOL_CONVERSION = YES;
				CLANG_WARN_CONSTANT_CONVERSION = YES;
				CLANG_WARN_DIRECT_OBJC_ISA_USAGE = YES_ERROR;
				CLANG_WARN_EMPTY_BODY = YES;
				CLANG_WARN_ENUM_CONVERSION = YES;
				CLANG_WARN_INT_CONVERSION = YES;
				CLANG_WARN_OBJC_ROOT_CLASS = YES_ERROR;
				CLANG_WARN_UNREACHABLE_CODE = YES;
				CLANG_WARN__DUPLICATE_METHOD_MATCH = YES;
				"CODE_SIGN_IDENTITY[sdk=iphoneos*]" = "iPhone Developer";
				COPY_PHASE_STRIP = NO;
				DEBUG_INFORMATION_FORMAT = dwarf;
				ENABLE_STRICT_OBJC_MSGSEND = YES;
				ENABLE_TESTABILITY = YES;
				GCC_C_LANGUAGE_STANDARD = gnu99;
				GCC_DYNAMIC_NO_PIC = NO;
				GCC_NO_COMMON_BLOCKS = YES;
				GCC_OPTIMIZATION_LEVEL = 0;
				GCC_PREPROCESSOR_DEFINITIONS = (
					"DEBUG=1",
					"$(inherited)",
				);
				GCC_WARN_64_TO_32_BIT_CONVERSION = YES;
				GCC_WARN_ABOUT_RETURN_TYPE = YES_ERROR;
				GCC_WARN_UNDECLARED_SELECTOR = YES;
				GCC_WARN_UNINITIALIZED_AUTOS = YES_AGGRESSIVE;
				GCC_WARN_UNUSED_FUNCTION = YES;
				GCC_WARN_UNUSED_VARIABLE = YES;
				IPHONEOS_DEPLOYMENT_TARGET = 9.1;
				MTL_ENABLE_DEBUG_INFO = YES;
				ONLY_ACTIVE_ARCH = YES;
				SDKROOT = iphoneos;
				SWIFT_OPTIMIZATION_LEVEL = "-Onone";
			};
			name = Debug;
		};
		ECE5ABF01BE6A5CA0013B6CA /* Release */ = {
			isa = XCBuildConfiguration;
			buildSettings = {
				ALWAYS_SEARCH_USER_PATHS = NO;
				CLANG_CXX_LANGUAGE_STANDARD = "gnu++0x";
				CLANG_CXX_LIBRARY = "libc++";
				CLANG_ENABLE_MODULES = YES;
				CLANG_ENABLE_OBJC_ARC = YES;
				CLANG_WARN_BOOL_CONVERSION = YES;
				CLANG_WARN_CONSTANT_CONVERSION = YES;
				CLANG_WARN_DIRECT_OBJC_ISA_USAGE = YES_ERROR;
				CLANG_WARN_EMPTY_BODY = YES;
				CLANG_WARN_ENUM_CONVERSION = YES;
				CLANG_WARN_INT_CONVERSION = YES;
				CLANG_WARN_OBJC_ROOT_CLASS = YES_ERROR;
				CLANG_WARN_UNREACHABLE_CODE = YES;
				CLANG_WARN__DUPLICATE_METHOD_MATCH = YES;
				"CODE_SIGN_IDENTITY[sdk=iphoneos*]" = "iPhone Developer";
				COPY_PHASE_STRIP = NO;
				DEBUG_INFORMATION_FORMAT = "dwarf-with-dsym";
				ENABLE_NS_ASSERTIONS = NO;
				ENABLE_STRICT_OBJC_MSGSEND = YES;
				GCC_C_LANGUAGE_STANDARD = gnu99;
				GCC_NO_COMMON_BLOCKS = YES;
				GCC_WARN_64_TO_32_BIT_CONVERSION = YES;
				GCC_WARN_ABOUT_RETURN_TYPE = YES_ERROR;
				GCC_WARN_UNDECLARED_SELECTOR = YES;
				GCC_WARN_UNINITIALIZED_AUTOS = YES_AGGRESSIVE;
				GCC_WARN_UNUSED_FUNCTION = YES;
				GCC_WARN_UNUSED_VARIABLE = YES;
				IPHONEOS_DEPLOYMENT_TARGET = 9.1;
				MTL_ENABLE_DEBUG_INFO = NO;
				SDKROOT = iphoneos;
				VALIDATE_PRODUCT = YES;
			};
			name = Release;
		};
		ECE5ABF21BE6A5CA0013B6CA /* Debug */ = {
			isa = XCBuildConfiguration;
			buildSettings = {
				ASSETCATALOG_COMPILER_APPICON_NAME = AppIcon;
				INFOPLIST_FILE = TipCalculator/Info.plist;
				LD_RUNPATH_SEARCH_PATHS = "$(inherited) @executable_path/Frameworks";
				PRODUCT_BUNDLE_IDENTIFIER = com.test.TipCalculator;
				PRODUCT_NAME = "$(TARGET_NAME)";
			};
			name = Debug;
		};
		ECE5ABF31BE6A5CA0013B6CA /* Release */ = {
			isa = XCBuildConfiguration;
			buildSettings = {
				ASSETCATALOG_COMPILER_APPICON_NAME = AppIcon;
				INFOPLIST_FILE = TipCalculator/Info.plist;
				LD_RUNPATH_SEARCH_PATHS = "$(inherited) @executable_path/Frameworks";
				PRODUCT_BUNDLE_IDENTIFIER = com.test.TipCalculator;
				PRODUCT_NAME = "$(TARGET_NAME)";
			};
			name = Release;
		};
/* End XCBuildConfiguration section */

/* Begin XCConfigurationList section */
		ECE5ABDA1BE6A5C90013B6CA /* Build configuration list for PBXProject "TipCalculator" */ = {
			isa = XCConfigurationList;
			buildConfigurations = (
				ECE5ABEF1BE6A5CA0013B6CA /* Debug */,
				ECE5ABF01BE6A5CA0013B6CA /* Release */,
			);
			defaultConfigurationIsVisible = 0;
			defaultConfigurationName = Release;
		};
		ECE5ABF11BE6A5CA0013B6CA /* Build configuration list for PBXNativeTarget "TipCalculator" */ = {
			isa = XCConfigurationList;
			buildConfigurations = (
				ECE5ABF21BE6A5CA0013B6CA /* Debug */,
				ECE5ABF31BE6A5CA0013B6CA /* Release */,
			);
			defaultConfigurationIsVisible = 0;
		};
/* End XCConfigurationList section */
	};
	rootObject = ECE5ABD71BE6A5C90013B6CA /* Project object */;
}
